
Microsoft Visual Studio Solution File, Format Version 12.00
# Visual Studio Version 17
VisualStudioVersion = 17.11.35327.3
MinimumVisualStudioVersion = 10.0.40219.1
Project("{FAE04EC0-301F-11D3-BF4B-00C04F79EFBC}") = "ConsoleAppTestMongoDB", "ConsoleAppTestMongoDB\ConsoleAppTestMongoDB.csproj", "{EEC839AE-F288-4F8B-869B-4A0C926A9A57}"
EndProject
Project("{FAE04EC0-301F-11D3-BF4B-00C04F79EFBC}") = "MongoDBDL", "MongoDBDL\MongoDBDL.csproj", "{76F4854A-99FE-4927-808C-EB65326D074F}"
EndProject
Global
	GlobalSection(SolutionConfigurationPlatforms) = preSolution
		Debug|Any CPU = Debug|Any CPU
		Release|Any CPU = Release|Any CPU
	EndGlobalSection
	GlobalSection(ProjectConfigurationPlatforms) = postSolution
		{EEC839AE-F288-4F8B-869B-4A0C926A9A57}.Debug|Any CPU.ActiveCfg = Debug|Any CPU
		{EEC839AE-F288-4F8B-869B-4A0C926A9A57}.Debug|Any CPU.Build.0 = Debug|Any CPU
		{EEC839AE-F288-4F8B-869B-4A0C926A9A57}.Release|Any CPU.ActiveCfg = Release|Any CPU
		{EEC839AE-F288-4F8B-869B-4A0C926A9A57}.Release|Any CPU.Build.0 = Release|Any CPU
		{76F4854A-99FE-4927-808C-EB65326D074F}.Debug|Any CPU.ActiveCfg = Debug|Any CPU
		{76F4854A-99FE-4927-808C-EB65326D074F}.Debug|Any CPU.Build.0 = Debug|Any CPU
		{76F4854A-99FE-4927-808C-EB65326D074F}.Release|Any CPU.ActiveCfg = Release|Any CPU
		{76F4854A-99FE-4927-808C-EB65326D074F}.Release|Any CPU.Build.0 = Release|Any CPU
	EndGlobalSection
	GlobalSection(SolutionProperties) = preSolution
		HideSolutionNode = FALSE
	EndGlobalSection
	GlobalSection(ExtensibilityGlobals) = postSolution
		SolutionGuid = {55DB8E36-F868-4A4D-9488-97734DE0091C}
	EndGlobalSection
EndGlobal
